
Microsoft Visual Studio Solution File, Format Version 12.00
# Visual Studio Version 17
VisualStudioVersion = 17.4.33205.214
MinimumVisualStudioVersion = 10.0.40219.1
Project("{FAE04EC0-301F-11D3-BF4B-00C04F79EFBC}") = "LoaDumper", "LoaDumper\LoaDumper.csproj", "{3AE57349-EB92-4115-AD17-65A99B2498FC}"
EndProject
Global
	GlobalSection(SolutionConfigurationPlatforms) = preSolution
		Debug|Any CPU = Debug|Any CPU
		Release|Any CPU = Release|Any CPU
	EndGlobalSection
	GlobalSection(ProjectConfigurationPlatforms) = postSolution
		{3AE57349-EB92-4115-AD17-65A99B2498FC}.Debug|Any CPU.ActiveCfg = Debug|Any CPU
		{3AE57349-EB92-4115-AD17-65A99B2498FC}.Debug|Any CPU.Build.0 = Debug|Any CPU
		{3AE57349-EB92-4115-AD17-65A99B2498FC}.Release|Any CPU.ActiveCfg = Release|Any CPU
		{3AE57349-EB92-4115-AD17-65A99B2498FC}.Release|Any CPU.Build.0 = Release|Any CPU
	EndGlobalSection
	GlobalSection(SolutionProperties) = preSolution
		HideSolutionNode = FALSE
	EndGlobalSection
	GlobalSection(ExtensibilityGlobals) = postSolution
		SolutionGuid = {77C63F10-E316-4E0B-8CB4-FD56BFF0DCC9}
	EndGlobalSection
EndGlobal
